
Microsoft Visual Studio Solution File, Format Version 12.00
# Visual Studio 14
VisualStudioVersion = 14.0.24720.0
MinimumVisualStudioVersion = 10.0.40219.1
Project("{FAE04EC0-301F-11D3-BF4B-00C04F79EFBC}") = "Module1", "Module0\Module1.csproj", "{0FC59E7E-12B5-4A9C-B9F0-262807E380CC}"
EndProject
Project("{FAE04EC0-301F-11D3-BF4B-00C04F79EFBC}") = "Module2", "Module2\Module2.csproj", "{0F64ED98-F59A-4926-AE09-E4CB39D3E3D6}"
EndProject
Project("{FAE04EC0-301F-11D3-BF4B-00C04F79EFBC}") = "Module3", "Module3\Module3.csproj", "{94F2789B-8327-4B0C-BE0E-9B6A06010907}"
EndProject
Project("{FAE04EC0-301F-11D3-BF4B-00C04F79EFBC}") = "Module4", "Module4\Module4.csproj", "{8C589334-EBDB-42A1-AA68-EF4719147A38}"
EndProject
Project("{FAE04EC0-301F-11D3-BF4B-00C04F79EFBC}") = "Module5", "Module5\Module5.csproj", "{78B35B4B-1A8B-4C77-8C70-704FDC493046}"
EndProject
Project("{FAE04EC0-301F-11D3-BF4B-00C04F79EFBC}") = "Module6", "Module6\Module6.csproj", "{46C9E0D5-337B-4553-9644-03A2D43A4D2E}"
EndProject
Project("{FAE04EC0-301F-11D3-BF4B-00C04F79EFBC}") = "Module7", "Module7\Module7.csproj", "{072AE7F4-9F09-4DA9-BF33-A5C7FB2BA9CC}"
EndProject
Project("{FAE04EC0-301F-11D3-BF4B-00C04F79EFBC}") = "Module8", "Module8\Module8.csproj", "{6864AFAC-C896-440B-A6AB-4BCA9E25EB0E}"
EndProject
Project("{FAE04EC0-301F-11D3-BF4B-00C04F79EFBC}") = "Module9", "Module9\Module9.csproj", "{B45528C4-AACD-41BA-BC4A-F109E5EDB024}"
EndProject
Project("{FAE04EC0-301F-11D3-BF4B-00C04F79EFBC}") = "Module10-1", "Module10-1\Module10-1.csproj", "{EF74D02F-B99F-470F-B27C-8B83961E9940}"
EndProject
Project("{FAE04EC0-301F-11D3-BF4B-00C04F79EFBC}") = "Module10-2", "Module10-2\Module10-2.csproj", "{05350A97-9D66-40BC-90B5-BCD0DCFE1AAB}"
EndProject
Project("{FAE04EC0-301F-11D3-BF4B-00C04F79EFBC}") = "Module11", "Module11\Module11.csproj", "{BDAA7DDC-2393-49A8-9FA2-52E0356E465A}"
EndProject
Project("{FAE04EC0-301F-11D3-BF4B-00C04F79EFBC}") = "Module12", "Module12\Module12.csproj", "{981E683A-D9A0-4BE4-A115-735CB909747C}"
EndProject
Global
	GlobalSection(SolutionConfigurationPlatforms) = preSolution
		Debug|Any CPU = Debug|Any CPU
		Debug|x86 = Debug|x86
		Release|Any CPU = Release|Any CPU
		Release|x86 = Release|x86
	EndGlobalSection
	GlobalSection(ProjectConfigurationPlatforms) = postSolution
		{0FC59E7E-12B5-4A9C-B9F0-262807E380CC}.Debug|Any CPU.ActiveCfg = Debug|Any CPU
		{0FC59E7E-12B5-4A9C-B9F0-262807E380CC}.Debug|Any CPU.Build.0 = Debug|Any CPU
		{0FC59E7E-12B5-4A9C-B9F0-262807E380CC}.Debug|x86.ActiveCfg = Debug|Any CPU
		{0FC59E7E-12B5-4A9C-B9F0-262807E380CC}.Debug|x86.Build.0 = Debug|Any CPU
		{0FC59E7E-12B5-4A9C-B9F0-262807E380CC}.Release|Any CPU.ActiveCfg = Release|Any CPU
		{0FC59E7E-12B5-4A9C-B9F0-262807E380CC}.Release|Any CPU.Build.0 = Release|Any CPU
		{0FC59E7E-12B5-4A9C-B9F0-262807E380CC}.Release|x86.ActiveCfg = Release|Any CPU
		{0FC59E7E-12B5-4A9C-B9F0-262807E380CC}.Release|x86.Build.0 = Release|Any CPU
		{0F64ED98-F59A-4926-AE09-E4CB39D3E3D6}.Debug|Any CPU.ActiveCfg = Debug|Any CPU
		{0F64ED98-F59A-4926-AE09-E4CB39D3E3D6}.Debug|Any CPU.Build.0 = Debug|Any CPU
		{0F64ED98-F59A-4926-AE09-E4CB39D3E3D6}.Debug|x86.ActiveCfg = Debug|Any CPU
		{0F64ED98-F59A-4926-AE09-E4CB39D3E3D6}.Debug|x86.Build.0 = Debug|Any CPU
		{0F64ED98-F59A-4926-AE09-E4CB39D3E3D6}.Release|Any CPU.ActiveCfg = Release|Any CPU
		{0F64ED98-F59A-4926-AE09-E4CB39D3E3D6}.Release|Any CPU.Build.0 = Release|Any CPU
		{0F64ED98-F59A-4926-AE09-E4CB39D3E3D6}.Release|x86.ActiveCfg = Release|Any CPU
		{0F64ED98-F59A-4926-AE09-E4CB39D3E3D6}.Release|x86.Build.0 = Release|Any CPU
		{94F2789B-8327-4B0C-BE0E-9B6A06010907}.Debug|Any CPU.ActiveCfg = Debug|Any CPU
		{94F2789B-8327-4B0C-BE0E-9B6A06010907}.Debug|Any CPU.Build.0 = Debug|Any CPU
		{94F2789B-8327-4B0C-BE0E-9B6A06010907}.Debug|x86.ActiveCfg = Debug|Any CPU
		{94F2789B-8327-4B0C-BE0E-9B6A06010907}.Debug|x86.Build.0 = Debug|Any CPU
		{94F2789B-8327-4B0C-BE0E-9B6A06010907}.Release|Any CPU.ActiveCfg = Release|Any CPU
		{94F2789B-8327-4B0C-BE0E-9B6A06010907}.Release|Any CPU.Build.0 = Release|Any CPU
		{94F2789B-8327-4B0C-BE0E-9B6A06010907}.Release|x86.ActiveCfg = Release|Any CPU
		{94F2789B-8327-4B0C-BE0E-9B6A06010907}.Release|x86.Build.0 = Release|Any CPU
		{8C589334-EBDB-42A1-AA68-EF4719147A38}.Debug|Any CPU.ActiveCfg = Debug|Any CPU
		{8C589334-EBDB-42A1-AA68-EF4719147A38}.Debug|Any CPU.Build.0 = Debug|Any CPU
		{8C589334-EBDB-42A1-AA68-EF4719147A38}.Debug|x86.ActiveCfg = Debug|Any CPU
		{8C589334-EBDB-42A1-AA68-EF4719147A38}.Debug|x86.Build.0 = Debug|Any CPU
		{8C589334-EBDB-42A1-AA68-EF4719147A38}.Release|Any CPU.ActiveCfg = Release|Any CPU
		{8C589334-EBDB-42A1-AA68-EF4719147A38}.Release|Any CPU.Build.0 = Release|Any CPU
		{8C589334-EBDB-42A1-AA68-EF4719147A38}.Release|x86.ActiveCfg = Release|Any CPU
		{8C589334-EBDB-42A1-AA68-EF4719147A38}.Release|x86.Build.0 = Release|Any CPU
		{78B35B4B-1A8B-4C77-8C70-704FDC493046}.Debug|Any CPU.ActiveCfg = Debug|Any CPU
		{78B35B4B-1A8B-4C77-8C70-704FDC493046}.Debug|Any CPU.Build.0 = Debug|Any CPU
		{78B35B4B-1A8B-4C77-8C70-704FDC493046}.Debug|x86.ActiveCfg = Debug|Any CPU
		{78B35B4B-1A8B-4C77-8C70-704FDC493046}.Debug|x86.Build.0 = Debug|Any CPU
		{78B35B4B-1A8B-4C77-8C70-704FDC493046}.Release|Any CPU.ActiveCfg = Release|Any CPU
		{78B35B4B-1A8B-4C77-8C70-704FDC493046}.Release|Any CPU.Build.0 = Release|Any CPU
		{78B35B4B-1A8B-4C77-8C70-704FDC493046}.Release|x86.ActiveCfg = Release|Any CPU
		{78B35B4B-1A8B-4C77-8C70-704FDC493046}.Release|x86.Build.0 = Release|Any CPU
		{46C9E0D5-337B-4553-9644-03A2D43A4D2E}.Debug|Any CPU.ActiveCfg = Debug|Any CPU
		{46C9E0D5-337B-4553-9644-03A2D43A4D2E}.Debug|Any CPU.Build.0 = Debug|Any CPU
		{46C9E0D5-337B-4553-9644-03A2D43A4D2E}.Debug|x86.ActiveCfg = Debug|Any CPU
		{46C9E0D5-337B-4553-9644-03A2D43A4D2E}.Debug|x86.Build.0 = Debug|Any CPU
		{46C9E0D5-337B-4553-9644-03A2D43A4D2E}.Release|Any CPU.ActiveCfg = Release|Any CPU
		{46C9E0D5-337B-4553-9644-03A2D43A4D2E}.Release|Any CPU.Build.0 = Release|Any CPU
		{46C9E0D5-337B-4553-9644-03A2D43A4D2E}.Release|x86.ActiveCfg = Release|Any CPU
		{46C9E0D5-337B-4553-9644-03A2D43A4D2E}.Release|x86.Build.0 = Release|Any CPU
		{072AE7F4-9F09-4DA9-BF33-A5C7FB2BA9CC}.Debug|Any CPU.ActiveCfg = Debug|Any CPU
		{072AE7F4-9F09-4DA9-BF33-A5C7FB2BA9CC}.Debug|Any CPU.Build.0 = Debug|Any CPU
		{072AE7F4-9F09-4DA9-BF33-A5C7FB2BA9CC}.Debug|x86.ActiveCfg = Debug|Any CPU
		{072AE7F4-9F09-4DA9-BF33-A5C7FB2BA9CC}.Debug|x86.Build.0 = Debug|Any CPU
		{072AE7F4-9F09-4DA9-BF33-A5C7FB2BA9CC}.Release|Any CPU.ActiveCfg = Release|Any CPU
		{072AE7F4-9F09-4DA9-BF33-A5C7FB2BA9CC}.Release|Any CPU.Build.0 = Release|Any CPU
		{072AE7F4-9F09-4DA9-BF33-A5C7FB2BA9CC}.Release|x86.ActiveCfg = Release|Any CPU
		{072AE7F4-9F09-4DA9-BF33-A5C7FB2BA9CC}.Release|x86.Build.0 = Release|Any CPU
		{6864AFAC-C896-440B-A6AB-4BCA9E25EB0E}.Debug|Any CPU.ActiveCfg = Debug|Any CPU
		{6864AFAC-C896-440B-A6AB-4BCA9E25EB0E}.Debug|Any CPU.Build.0 = Debug|Any CPU
		{6864AFAC-C896-440B-A6AB-4BCA9E25EB0E}.Debug|x86.ActiveCfg = Debug|Any CPU
		{6864AFAC-C896-440B-A6AB-4BCA9E25EB0E}.Debug|x86.Build.0 = Debug|Any CPU
		{6864AFAC-C896-440B-A6AB-4BCA9E25EB0E}.Release|Any CPU.ActiveCfg = Release|Any CPU
		{6864AFAC-C896-440B-A6AB-4BCA9E25EB0E}.Release|Any CPU.Build.0 = Release|Any CPU
		{6864AFAC-C896-440B-A6AB-4BCA9E25EB0E}.Release|x86.ActiveCfg = Release|Any CPU
		{6864AFAC-C896-440B-A6AB-4BCA9E25EB0E}.Release|x86.Build.0 = Release|Any CPU
		{B45528C4-AACD-41BA-BC4A-F109E5EDB024}.Debug|Any CPU.ActiveCfg = Debug|Any CPU
		{B45528C4-AACD-41BA-BC4A-F109E5EDB024}.Debug|Any CPU.Build.0 = Debug|Any CPU
		{B45528C4-AACD-41BA-BC4A-F109E5EDB024}.Debug|x86.ActiveCfg = Debug|Any CPU
		{B45528C4-AACD-41BA-BC4A-F109E5EDB024}.Debug|x86.Build.0 = Debug|Any CPU
		{B45528C4-AACD-41BA-BC4A-F109E5EDB024}.Release|Any CPU.ActiveCfg = Release|Any CPU
		{B45528C4-AACD-41BA-BC4A-F109E5EDB024}.Release|Any CPU.Build.0 = Release|Any CPU
		{B45528C4-AACD-41BA-BC4A-F109E5EDB024}.Release|x86.ActiveCfg = Release|Any CPU
		{B45528C4-AACD-41BA-BC4A-F109E5EDB024}.Release|x86.Build.0 = Release|Any CPU
		{EF74D02F-B99F-470F-B27C-8B83961E9940}.Debug|Any CPU.ActiveCfg = Debug|x86
		{EF74D02F-B99F-470F-B27C-8B83961E9940}.Debug|x86.ActiveCfg = Debug|x86
		{EF74D02F-B99F-470F-B27C-8B83961E9940}.Debug|x86.Build.0 = Debug|x86
		{EF74D02F-B99F-470F-B27C-8B83961E9940}.Release|Any CPU.ActiveCfg = Release|x86
		{EF74D02F-B99F-470F-B27C-8B83961E9940}.Release|x86.ActiveCfg = Release|x86
		{EF74D02F-B99F-470F-B27C-8B83961E9940}.Release|x86.Build.0 = Release|x86
		{05350A97-9D66-40BC-90B5-BCD0DCFE1AAB}.Debug|Any CPU.ActiveCfg = Debug|x86
		{05350A97-9D66-40BC-90B5-BCD0DCFE1AAB}.Debug|x86.ActiveCfg = Debug|x86
		{05350A97-9D66-40BC-90B5-BCD0DCFE1AAB}.Debug|x86.Build.0 = Debug|x86
		{05350A97-9D66-40BC-90B5-BCD0DCFE1AAB}.Release|Any CPU.ActiveCfg = Release|x86
		{05350A97-9D66-40BC-90B5-BCD0DCFE1AAB}.Release|x86.ActiveCfg = Release|x86
		{05350A97-9D66-40BC-90B5-BCD0DCFE1AAB}.Release|x86.Build.0 = Release|x86
		{BDAA7DDC-2393-49A8-9FA2-52E0356E465A}.Debug|Any CPU.ActiveCfg = Debug|Any CPU
		{BDAA7DDC-2393-49A8-9FA2-52E0356E465A}.Debug|Any CPU.Build.0 = Debug|Any CPU
		{BDAA7DDC-2393-49A8-9FA2-52E0356E465A}.Debug|x86.ActiveCfg = Debug|Any CPU
		{BDAA7DDC-2393-49A8-9FA2-52E0356E465A}.Debug|x86.Build.0 = Debug|Any CPU
		{BDAA7DDC-2393-49A8-9FA2-52E0356E465A}.Release|Any CPU.ActiveCfg = Release|Any CPU
		{BDAA7DDC-2393-49A8-9FA2-52E0356E465A}.Release|Any CPU.Build.0 = Release|Any CPU
		{BDAA7DDC-2393-49A8-9FA2-52E0356E465A}.Release|x86.ActiveCfg = Release|Any CPU
		{BDAA7DDC-2393-49A8-9FA2-52E0356E465A}.Release|x86.Build.0 = Release|Any CPU
		{981E683A-D9A0-4BE4-A115-735CB909747C}.Debug|Any CPU.ActiveCfg = Debug|Any CPU
		{981E683A-D9A0-4BE4-A115-735CB909747C}.Debug|Any CPU.Build.0 = Debug|Any CPU
		{981E683A-D9A0-4BE4-A115-735CB909747C}.Debug|x86.ActiveCfg = Debug|Any CPU
		{981E683A-D9A0-4BE4-A115-735CB909747C}.Debug|x86.Build.0 = Debug|Any CPU
		{981E683A-D9A0-4BE4-A115-735CB909747C}.Release|Any CPU.ActiveCfg = Release|Any CPU
		{981E683A-D9A0-4BE4-A115-735CB909747C}.Release|Any CPU.Build.0 = Release|Any CPU
		{981E683A-D9A0-4BE4-A115-735CB909747C}.Release|x86.ActiveCfg = Release|Any CPU
		{981E683A-D9A0-4BE4-A115-735CB909747C}.Release|x86.Build.0 = Release|Any CPU
	EndGlobalSection
	GlobalSection(SolutionProperties) = preSolution
		HideSolutionNode = FALSE
	EndGlobalSection
EndGlobal
